// !$*UTF8*$!
{
	archiveVersion = 1;
	classes = {
	};
	objectVersion = 56;
	objects = {

/* Begin PBXBuildFile section */
		51EAEAA0128B627B4F8376F8 /* Pods_NeoTour_iosDDS.framework in Frameworks */ = {isa = PBXBuildFile; fileRef = 135AACC204A54FEC1F222253 /* Pods_NeoTour_iosDDS.framework */; };
		903E9DDB2BC59FC400A7C88D /* AppDelegate.swift in Sources */ = {isa = PBXBuildFile; fileRef = 903E9DDA2BC59FC400A7C88D /* AppDelegate.swift */; };
		903E9DDD2BC59FC400A7C88D /* SceneDelegate.swift in Sources */ = {isa = PBXBuildFile; fileRef = 903E9DDC2BC59FC400A7C88D /* SceneDelegate.swift */; };
		903E9DDF2BC59FC400A7C88D /* OnboardingViewController.swift in Sources */ = {isa = PBXBuildFile; fileRef = 903E9DDE2BC59FC400A7C88D /* OnboardingViewController.swift */; };
		903E9DE72BC59FC500A7C88D /* Base in Resources */ = {isa = PBXBuildFile; fileRef = 903E9DE62BC59FC500A7C88D /* Base */; };
		904AA3F22BC5B2CF00922C34 /* UIColor.swift in Sources */ = {isa = PBXBuildFile; fileRef = 904AA3F12BC5B2CF00922C34 /* UIColor.swift */; };
		904AA4072BC5C4F000922C34 /* SFProDisplay-RegularItalic.otf in Resources */ = {isa = PBXBuildFile; fileRef = 904AA4042BC5C2EA00922C34 /* SFProDisplay-RegularItalic.otf */; };
		904AA4082BC5C4F000922C34 /* SFProDisplay-Ultralight.otf in Resources */ = {isa = PBXBuildFile; fileRef = 904AA3F42BC5C2EA00922C34 /* SFProDisplay-Ultralight.otf */; };
		904AA4092BC5C4F000922C34 /* SFProDisplay-Bold.otf in Resources */ = {isa = PBXBuildFile; fileRef = 904AA3F82BC5C2EA00922C34 /* SFProDisplay-Bold.otf */; };
		904AA40A2BC5C4F000922C34 /* SFProDisplay-BoldItalic.otf in Resources */ = {isa = PBXBuildFile; fileRef = 904AA3FC2BC5C2EA00922C34 /* SFProDisplay-BoldItalic.otf */; };
		904AA40B2BC5C4F000922C34 /* SFProDisplay-Black.otf in Resources */ = {isa = PBXBuildFile; fileRef = 904AA3FB2BC5C2EA00922C34 /* SFProDisplay-Black.otf */; };
		904AA40C2BC5C4F000922C34 /* SFProDisplay-LightItalic.otf in Resources */ = {isa = PBXBuildFile; fileRef = 904AA3FA2BC5C2EA00922C34 /* SFProDisplay-LightItalic.otf */; };
		904AA40D2BC5C4F000922C34 /* SFProDisplay-Medium.otf in Resources */ = {isa = PBXBuildFile; fileRef = 904AA3F72BC5C2EA00922C34 /* SFProDisplay-Medium.otf */; };
		904AA40E2BC5C4F000922C34 /* SFProDisplay-MediumItalic.otf in Resources */ = {isa = PBXBuildFile; fileRef = 904AA4012BC5C2EA00922C34 /* SFProDisplay-MediumItalic.otf */; };
		904AA40F2BC5C4F000922C34 /* SFProDisplay-SemiboldItalic.otf in Resources */ = {isa = PBXBuildFile; fileRef = 904AA3F62BC5C2EA00922C34 /* SFProDisplay-SemiboldItalic.otf */; };
		904AA4102BC5C4F000922C34 /* SFProDisplay-Thin.otf in Resources */ = {isa = PBXBuildFile; fileRef = 904AA3F52BC5C2EA00922C34 /* SFProDisplay-Thin.otf */; };
		904AA4112BC5C4F000922C34 /* SFProDisplay-Heavy.otf in Resources */ = {isa = PBXBuildFile; fileRef = 904AA4022BC5C2EA00922C34 /* SFProDisplay-Heavy.otf */; };
		904AA4122BC5C4F000922C34 /* SFProDisplay-Semibold.otf in Resources */ = {isa = PBXBuildFile; fileRef = 904AA3FE2BC5C2EA00922C34 /* SFProDisplay-Semibold.otf */; };
		904AA4132BC5C4F000922C34 /* SFProDisplay-UltralightItalic.otf in Resources */ = {isa = PBXBuildFile; fileRef = 904AA3FF2BC5C2EA00922C34 /* SFProDisplay-UltralightItalic.otf */; };
		904AA4142BC5C4F000922C34 /* SFProDisplay-Light.otf in Resources */ = {isa = PBXBuildFile; fileRef = 904AA4002BC5C2EA00922C34 /* SFProDisplay-Light.otf */; };
		904AA4152BC5C4F000922C34 /* SFProDisplay-BlackItalic.otf in Resources */ = {isa = PBXBuildFile; fileRef = 904AA4052BC5C2EA00922C34 /* SFProDisplay-BlackItalic.otf */; };
		904AA4162BC5C4F000922C34 /* SFProDisplay-HeavyItalic.otf in Resources */ = {isa = PBXBuildFile; fileRef = 904AA3FD2BC5C2EA00922C34 /* SFProDisplay-HeavyItalic.otf */; };
		904AA4172BC5C4F000922C34 /* SFProDisplay-Regular.otf in Resources */ = {isa = PBXBuildFile; fileRef = 904AA4032BC5C2EA00922C34 /* SFProDisplay-Regular.otf */; };
		904AA4182BC5C4F000922C34 /* SFProDisplay-ThinItalic.otf in Resources */ = {isa = PBXBuildFile; fileRef = 904AA3F92BC5C2EA00922C34 /* SFProDisplay-ThinItalic.otf */; };
		904AA41D2BC71B7000922C34 /* Assets.xcassets in Resources */ = {isa = PBXBuildFile; fileRef = 904AA41C2BC71B7000922C34 /* Assets.xcassets */; };
		904AA41F2BCAC60B00922C34 /* CategoryCell.swift in Sources */ = {isa = PBXBuildFile; fileRef = 904AA41E2BCAC60B00922C34 /* CategoryCell.swift */; };
		904AA4232BCAD8B300922C34 /* TourCell.swift in Sources */ = {isa = PBXBuildFile; fileRef = 904AA4222BCAD8B300922C34 /* TourCell.swift */; };
		905B212E2BECE82C0008E53B /* CommentView.swift in Sources */ = {isa = PBXBuildFile; fileRef = 905B212D2BECE82C0008E53B /* CommentView.swift */; };
		905B21302BECEE0A0008E53B /* Review.swift in Sources */ = {isa = PBXBuildFile; fileRef = 905B212F2BECEE0A0008E53B /* Review.swift */; };
		9098EF8A2BD1269F0059B51D /* MainViewModel.swift in Sources */ = {isa = PBXBuildFile; fileRef = 9098EF892BD1269F0059B51D /* MainViewModel.swift */; };
		9098EF8C2BD128000059B51D /* CategoryCellViewModel.swift in Sources */ = {isa = PBXBuildFile; fileRef = 9098EF8B2BD128000059B51D /* CategoryCellViewModel.swift */; };
		9098EF902BD12E020059B51D /* TourCellViewModel.swift in Sources */ = {isa = PBXBuildFile; fileRef = 9098EF8F2BD12E020059B51D /* TourCellViewModel.swift */; };
		9098EF942BD12F660059B51D /* ImageManager.swift in Sources */ = {isa = PBXBuildFile; fileRef = 9098EF932BD12F660059B51D /* ImageManager.swift */; };
		9098EF992BD526720059B51D /* OnboardingViewModel.swift in Sources */ = {isa = PBXBuildFile; fileRef = 9098EF982BD526720059B51D /* OnboardingViewModel.swift */; };
		90B607842BD831C0006F7D6E /* NetworkManager.swift in Sources */ = {isa = PBXBuildFile; fileRef = 90B607832BD831C0006F7D6E /* NetworkManager.swift */; };
		90B607862BD83E80006F7D6E /* TourDetailViewController.swift in Sources */ = {isa = PBXBuildFile; fileRef = 90B607852BD83E80006F7D6E /* TourDetailViewController.swift */; };
		90B607892BD8497D006F7D6E /* TourDetailViewModel.swift in Sources */ = {isa = PBXBuildFile; fileRef = 90B607882BD8497D006F7D6E /* TourDetailViewModel.swift */; };
		90B6078B2BD968F1006F7D6E /* AlertViewController.swift in Sources */ = {isa = PBXBuildFile; fileRef = 90B6078A2BD968F1006F7D6E /* AlertViewController.swift */; };
		90B6078D2BD96E16006F7D6E /* TourDetailTopCell.swift in Sources */ = {isa = PBXBuildFile; fileRef = 90B6078C2BD96E16006F7D6E /* TourDetailTopCell.swift */; };
		90B607902BD96E8C006F7D6E /* TourDetailTopCellViewModel.swift in Sources */ = {isa = PBXBuildFile; fileRef = 90B6078F2BD96E8C006F7D6E /* TourDetailTopCellViewModel.swift */; };
		90B607922BD972D0006F7D6E /* TourDetailBottomCell.swift in Sources */ = {isa = PBXBuildFile; fileRef = 90B607912BD972D0006F7D6E /* TourDetailBottomCell.swift */; };
		90B607952BD9736B006F7D6E /* TourDetailBottomCellViewModel.swift in Sources */ = {isa = PBXBuildFile; fileRef = 90B607942BD9736B006F7D6E /* TourDetailBottomCellViewModel.swift */; };
		90BBC1B22BE283D200E2075C /* UILabel.swift in Sources */ = {isa = PBXBuildFile; fileRef = 90BBC1B12BE283D200E2075C /* UILabel.swift */; };
		90BBC1B42BE2873300E2075C /* RecommendationCell.swift in Sources */ = {isa = PBXBuildFile; fileRef = 90BBC1B32BE2873300E2075C /* RecommendationCell.swift */; };
		90BBC1B72BE9348C00E2075C /* UIPresentationController.swift in Sources */ = {isa = PBXBuildFile; fileRef = 90BBC1B62BE9348C00E2075C /* UIPresentationController.swift */; };
		90CC2E002BCAE527008F6735 /* HeaderView.swift in Sources */ = {isa = PBXBuildFile; fileRef = 90CC2DFF2BCAE527008F6735 /* HeaderView.swift */; };
		90CC2E032BCDAFE3008F6735 /* Category.swift in Sources */ = {isa = PBXBuildFile; fileRef = 90CC2E022BCDAFE3008F6735 /* Category.swift */; };
		90CC2E082BCDB06E008F6735 /* Tour.swift in Sources */ = {isa = PBXBuildFile; fileRef = 90CC2E072BCDB06E008F6735 /* Tour.swift */; };
		90CC2E0A2BCEE1A9008F6735 /* MainViewController.swift in Sources */ = {isa = PBXBuildFile; fileRef = 90CC2E092BCEE1A9008F6735 /* MainViewController.swift */; };
/* End PBXBuildFile section */

/* Begin PBXFileReference section */
		135AACC204A54FEC1F222253 /* Pods_NeoTour_iosDDS.framework */ = {isa = PBXFileReference; explicitFileType = wrapper.framework; includeInIndex = 0; path = Pods_NeoTour_iosDDS.framework; sourceTree = BUILT_PRODUCTS_DIR; };
		42CE67BD97228D71B5E939B3 /* Pods-NeoTour-iosDDS.release.xcconfig */ = {isa = PBXFileReference; includeInIndex = 1; lastKnownFileType = text.xcconfig; name = "Pods-NeoTour-iosDDS.release.xcconfig"; path = "Target Support Files/Pods-NeoTour-iosDDS/Pods-NeoTour-iosDDS.release.xcconfig"; sourceTree = "<group>"; };
		8A090F0D54B5D2F8EC880AE1 /* Pods-NeoTour-iosDDS.debug.xcconfig */ = {isa = PBXFileReference; includeInIndex = 1; lastKnownFileType = text.xcconfig; name = "Pods-NeoTour-iosDDS.debug.xcconfig"; path = "Target Support Files/Pods-NeoTour-iosDDS/Pods-NeoTour-iosDDS.debug.xcconfig"; sourceTree = "<group>"; };
		903E9DD72BC59FC400A7C88D /* NeoTour-iosDDS.app */ = {isa = PBXFileReference; explicitFileType = wrapper.application; includeInIndex = 0; path = "NeoTour-iosDDS.app"; sourceTree = BUILT_PRODUCTS_DIR; };
		903E9DDA2BC59FC400A7C88D /* AppDelegate.swift */ = {isa = PBXFileReference; lastKnownFileType = sourcecode.swift; path = AppDelegate.swift; sourceTree = "<group>"; };
		903E9DDC2BC59FC400A7C88D /* SceneDelegate.swift */ = {isa = PBXFileReference; lastKnownFileType = sourcecode.swift; path = SceneDelegate.swift; sourceTree = "<group>"; };
		903E9DDE2BC59FC400A7C88D /* OnboardingViewController.swift */ = {isa = PBXFileReference; lastKnownFileType = sourcecode.swift; path = OnboardingViewController.swift; sourceTree = "<group>"; };
		903E9DE62BC59FC500A7C88D /* Base */ = {isa = PBXFileReference; lastKnownFileType = file.storyboard; name = Base; path = Base.lproj/LaunchScreen.storyboard; sourceTree = "<group>"; };
		903E9DE82BC59FC500A7C88D /* Info.plist */ = {isa = PBXFileReference; lastKnownFileType = text.plist.xml; path = Info.plist; sourceTree = "<group>"; };
		904AA3F12BC5B2CF00922C34 /* UIColor.swift */ = {isa = PBXFileReference; lastKnownFileType = sourcecode.swift; path = UIColor.swift; sourceTree = "<group>"; };
		904AA3F42BC5C2EA00922C34 /* SFProDisplay-Ultralight.otf */ = {isa = PBXFileReference; lastKnownFileType = file; path = "SFProDisplay-Ultralight.otf"; sourceTree = "<group>"; };
		904AA3F52BC5C2EA00922C34 /* SFProDisplay-Thin.otf */ = {isa = PBXFileReference; lastKnownFileType = file; path = "SFProDisplay-Thin.otf"; sourceTree = "<group>"; };
		904AA3F62BC5C2EA00922C34 /* SFProDisplay-SemiboldItalic.otf */ = {isa = PBXFileReference; lastKnownFileType = file; path = "SFProDisplay-SemiboldItalic.otf"; sourceTree = "<group>"; };
		904AA3F72BC5C2EA00922C34 /* SFProDisplay-Medium.otf */ = {isa = PBXFileReference; lastKnownFileType = file; path = "SFProDisplay-Medium.otf"; sourceTree = "<group>"; };
		904AA3F82BC5C2EA00922C34 /* SFProDisplay-Bold.otf */ = {isa = PBXFileReference; lastKnownFileType = file; path = "SFProDisplay-Bold.otf"; sourceTree = "<group>"; };
		904AA3F92BC5C2EA00922C34 /* SFProDisplay-ThinItalic.otf */ = {isa = PBXFileReference; lastKnownFileType = file; path = "SFProDisplay-ThinItalic.otf"; sourceTree = "<group>"; };
		904AA3FA2BC5C2EA00922C34 /* SFProDisplay-LightItalic.otf */ = {isa = PBXFileReference; lastKnownFileType = file; path = "SFProDisplay-LightItalic.otf"; sourceTree = "<group>"; };
		904AA3FB2BC5C2EA00922C34 /* SFProDisplay-Black.otf */ = {isa = PBXFileReference; lastKnownFileType = file; path = "SFProDisplay-Black.otf"; sourceTree = "<group>"; };
		904AA3FC2BC5C2EA00922C34 /* SFProDisplay-BoldItalic.otf */ = {isa = PBXFileReference; lastKnownFileType = file; path = "SFProDisplay-BoldItalic.otf"; sourceTree = "<group>"; };
		904AA3FD2BC5C2EA00922C34 /* SFProDisplay-HeavyItalic.otf */ = {isa = PBXFileReference; lastKnownFileType = file; path = "SFProDisplay-HeavyItalic.otf"; sourceTree = "<group>"; };
		904AA3FE2BC5C2EA00922C34 /* SFProDisplay-Semibold.otf */ = {isa = PBXFileReference; lastKnownFileType = file; path = "SFProDisplay-Semibold.otf"; sourceTree = "<group>"; };
		904AA3FF2BC5C2EA00922C34 /* SFProDisplay-UltralightItalic.otf */ = {isa = PBXFileReference; lastKnownFileType = file; path = "SFProDisplay-UltralightItalic.otf"; sourceTree = "<group>"; };
		904AA4002BC5C2EA00922C34 /* SFProDisplay-Light.otf */ = {isa = PBXFileReference; lastKnownFileType = file; path = "SFProDisplay-Light.otf"; sourceTree = "<group>"; };
		904AA4012BC5C2EA00922C34 /* SFProDisplay-MediumItalic.otf */ = {isa = PBXFileReference; lastKnownFileType = file; path = "SFProDisplay-MediumItalic.otf"; sourceTree = "<group>"; };
		904AA4022BC5C2EA00922C34 /* SFProDisplay-Heavy.otf */ = {isa = PBXFileReference; lastKnownFileType = file; path = "SFProDisplay-Heavy.otf"; sourceTree = "<group>"; };
		904AA4032BC5C2EA00922C34 /* SFProDisplay-Regular.otf */ = {isa = PBXFileReference; lastKnownFileType = file; path = "SFProDisplay-Regular.otf"; sourceTree = "<group>"; };
		904AA4042BC5C2EA00922C34 /* SFProDisplay-RegularItalic.otf */ = {isa = PBXFileReference; lastKnownFileType = file; path = "SFProDisplay-RegularItalic.otf"; sourceTree = "<group>"; };
		904AA4052BC5C2EA00922C34 /* SFProDisplay-BlackItalic.otf */ = {isa = PBXFileReference; lastKnownFileType = file; path = "SFProDisplay-BlackItalic.otf"; sourceTree = "<group>"; };
		904AA41C2BC71B7000922C34 /* Assets.xcassets */ = {isa = PBXFileReference; lastKnownFileType = folder.assetcatalog; name = Assets.xcassets; path = "NeoTour-iosDDS/Assets.xcassets"; sourceTree = SOURCE_ROOT; };
		904AA41E2BCAC60B00922C34 /* CategoryCell.swift */ = {isa = PBXFileReference; lastKnownFileType = sourcecode.swift; path = CategoryCell.swift; sourceTree = "<group>"; };
		904AA4222BCAD8B300922C34 /* TourCell.swift */ = {isa = PBXFileReference; lastKnownFileType = sourcecode.swift; path = TourCell.swift; sourceTree = "<group>"; };
		905B212D2BECE82C0008E53B /* CommentView.swift */ = {isa = PBXFileReference; lastKnownFileType = sourcecode.swift; path = CommentView.swift; sourceTree = "<group>"; };
		905B212F2BECEE0A0008E53B /* Review.swift */ = {isa = PBXFileReference; lastKnownFileType = sourcecode.swift; path = Review.swift; sourceTree = "<group>"; };
		9098EF892BD1269F0059B51D /* MainViewModel.swift */ = {isa = PBXFileReference; lastKnownFileType = sourcecode.swift; path = MainViewModel.swift; sourceTree = "<group>"; };
		9098EF8B2BD128000059B51D /* CategoryCellViewModel.swift */ = {isa = PBXFileReference; lastKnownFileType = sourcecode.swift; path = CategoryCellViewModel.swift; sourceTree = "<group>"; };
		9098EF8F2BD12E020059B51D /* TourCellViewModel.swift */ = {isa = PBXFileReference; lastKnownFileType = sourcecode.swift; path = TourCellViewModel.swift; sourceTree = "<group>"; };
		9098EF932BD12F660059B51D /* ImageManager.swift */ = {isa = PBXFileReference; fileEncoding = 4; lastKnownFileType = sourcecode.swift; path = ImageManager.swift; sourceTree = "<group>"; };
		9098EF982BD526720059B51D /* OnboardingViewModel.swift */ = {isa = PBXFileReference; lastKnownFileType = sourcecode.swift; path = OnboardingViewModel.swift; sourceTree = "<group>"; };
		90B607832BD831C0006F7D6E /* NetworkManager.swift */ = {isa = PBXFileReference; lastKnownFileType = sourcecode.swift; path = NetworkManager.swift; sourceTree = "<group>"; };
		90B607852BD83E80006F7D6E /* TourDetailViewController.swift */ = {isa = PBXFileReference; lastKnownFileType = sourcecode.swift; path = TourDetailViewController.swift; sourceTree = "<group>"; };
		90B607882BD8497D006F7D6E /* TourDetailViewModel.swift */ = {isa = PBXFileReference; lastKnownFileType = sourcecode.swift; path = TourDetailViewModel.swift; sourceTree = "<group>"; };
		90B6078A2BD968F1006F7D6E /* AlertViewController.swift */ = {isa = PBXFileReference; lastKnownFileType = sourcecode.swift; path = AlertViewController.swift; sourceTree = "<group>"; };
		90B6078C2BD96E16006F7D6E /* TourDetailTopCell.swift */ = {isa = PBXFileReference; lastKnownFileType = sourcecode.swift; path = TourDetailTopCell.swift; sourceTree = "<group>"; };
		90B6078F2BD96E8C006F7D6E /* TourDetailTopCellViewModel.swift */ = {isa = PBXFileReference; lastKnownFileType = sourcecode.swift; path = TourDetailTopCellViewModel.swift; sourceTree = "<group>"; };
		90B607912BD972D0006F7D6E /* TourDetailBottomCell.swift */ = {isa = PBXFileReference; lastKnownFileType = sourcecode.swift; path = TourDetailBottomCell.swift; sourceTree = "<group>"; };
		90B607942BD9736B006F7D6E /* TourDetailBottomCellViewModel.swift */ = {isa = PBXFileReference; lastKnownFileType = sourcecode.swift; path = TourDetailBottomCellViewModel.swift; sourceTree = "<group>"; };
		90BBC1B12BE283D200E2075C /* UILabel.swift */ = {isa = PBXFileReference; lastKnownFileType = sourcecode.swift; path = UILabel.swift; sourceTree = "<group>"; };
		90BBC1B32BE2873300E2075C /* RecommendationCell.swift */ = {isa = PBXFileReference; lastKnownFileType = sourcecode.swift; path = RecommendationCell.swift; sourceTree = "<group>"; };
		90BBC1B62BE9348C00E2075C /* UIPresentationController.swift */ = {isa = PBXFileReference; lastKnownFileType = sourcecode.swift; path = UIPresentationController.swift; sourceTree = "<group>"; };
		90CC2DFF2BCAE527008F6735 /* HeaderView.swift */ = {isa = PBXFileReference; fileEncoding = 4; lastKnownFileType = sourcecode.swift; path = HeaderView.swift; sourceTree = "<group>"; };
		90CC2E022BCDAFE3008F6735 /* Category.swift */ = {isa = PBXFileReference; fileEncoding = 4; lastKnownFileType = sourcecode.swift; path = Category.swift; sourceTree = "<group>"; };
		90CC2E072BCDB06E008F6735 /* Tour.swift */ = {isa = PBXFileReference; lastKnownFileType = sourcecode.swift; path = Tour.swift; sourceTree = "<group>"; };
		90CC2E092BCEE1A9008F6735 /* MainViewController.swift */ = {isa = PBXFileReference; fileEncoding = 4; lastKnownFileType = sourcecode.swift; path = MainViewController.swift; sourceTree = "<group>"; };
/* End PBXFileReference section */

/* Begin PBXFrameworksBuildPhase section */
		903E9DD42BC59FC400A7C88D /* Frameworks */ = {
			isa = PBXFrameworksBuildPhase;
			buildActionMask = 2147483647;
			files = (
				51EAEAA0128B627B4F8376F8 /* Pods_NeoTour_iosDDS.framework in Frameworks */,
			);
			runOnlyForDeploymentPostprocessing = 0;
		};
/* End PBXFrameworksBuildPhase section */

/* Begin PBXGroup section */
		033A8721D7A7AFBA33F95B0C /* Pods */ = {
			isa = PBXGroup;
			children = (
				8A090F0D54B5D2F8EC880AE1 /* Pods-NeoTour-iosDDS.debug.xcconfig */,
				42CE67BD97228D71B5E939B3 /* Pods-NeoTour-iosDDS.release.xcconfig */,
			);
			path = Pods;
			sourceTree = "<group>";
		};
		1DEAE16E3A2794AFF9BF02BD /* Frameworks */ = {
			isa = PBXGroup;
			children = (
				135AACC204A54FEC1F222253 /* Pods_NeoTour_iosDDS.framework */,
			);
			name = Frameworks;
			sourceTree = "<group>";
		};
		903E9DCE2BC59FC400A7C88D = {
			isa = PBXGroup;
			children = (
				903E9DD92BC59FC400A7C88D /* NeoTour-iosDDS */,
				903E9DD82BC59FC400A7C88D /* Products */,
				033A8721D7A7AFBA33F95B0C /* Pods */,
				1DEAE16E3A2794AFF9BF02BD /* Frameworks */,
			);
			sourceTree = "<group>";
		};
		903E9DD82BC59FC400A7C88D /* Products */ = {
			isa = PBXGroup;
			children = (
				903E9DD72BC59FC400A7C88D /* NeoTour-iosDDS.app */,
			);
			name = Products;
			sourceTree = "<group>";
		};
		903E9DD92BC59FC400A7C88D /* NeoTour-iosDDS */ = {
			isa = PBXGroup;
			children = (
				90CC2E042BCDAFEA008F6735 /* Model */,
				903E9DEF2BC5A12A00A7C88D /* OnboardingScreenViewController */,
				904AA41B2BC5E53700922C34 /* MainViewController */,
				90B607872BD83E91006F7D6E /* TourDetailViewController */,
				904AA3F32BC5B2DE00922C34 /* Extension */,
				9098EF952BD12F6E0059B51D /* Services */,
				90CC2E012BCAE52A008F6735 /* CustomView */,
				903E9DEE2BC5A11300A7C88D /* App */,
				903E9DE52BC59FC500A7C88D /* LaunchScreen.storyboard */,
			);
			path = "NeoTour-iosDDS";
			sourceTree = "<group>";
		};
		903E9DEE2BC5A11300A7C88D /* App */ = {
			isa = PBXGroup;
			children = (
				904AA4062BC5C2EF00922C34 /* Fonts */,
				903E9DDA2BC59FC400A7C88D /* AppDelegate.swift */,
				903E9DDC2BC59FC400A7C88D /* SceneDelegate.swift */,
				903E9DE82BC59FC500A7C88D /* Info.plist */,
				904AA41C2BC71B7000922C34 /* Assets.xcassets */,
			);
			path = App;
			sourceTree = "<group>";
		};
		903E9DEF2BC5A12A00A7C88D /* OnboardingScreenViewController */ = {
			isa = PBXGroup;
			children = (
				903E9DDE2BC59FC400A7C88D /* OnboardingViewController.swift */,
				9098EF982BD526720059B51D /* OnboardingViewModel.swift */,
			);
			path = OnboardingScreenViewController;
			sourceTree = "<group>";
		};
		904AA3F32BC5B2DE00922C34 /* Extension */ = {
			isa = PBXGroup;
			children = (
				904AA3F12BC5B2CF00922C34 /* UIColor.swift */,
				90BBC1B12BE283D200E2075C /* UILabel.swift */,
			);
			path = Extension;
			sourceTree = "<group>";
		};
		904AA4062BC5C2EF00922C34 /* Fonts */ = {
			isa = PBXGroup;
			children = (
				904AA3FB2BC5C2EA00922C34 /* SFProDisplay-Black.otf */,
				904AA4052BC5C2EA00922C34 /* SFProDisplay-BlackItalic.otf */,
				904AA3F82BC5C2EA00922C34 /* SFProDisplay-Bold.otf */,
				904AA3FC2BC5C2EA00922C34 /* SFProDisplay-BoldItalic.otf */,
				904AA4022BC5C2EA00922C34 /* SFProDisplay-Heavy.otf */,
				904AA3FD2BC5C2EA00922C34 /* SFProDisplay-HeavyItalic.otf */,
				904AA4002BC5C2EA00922C34 /* SFProDisplay-Light.otf */,
				904AA3FA2BC5C2EA00922C34 /* SFProDisplay-LightItalic.otf */,
				904AA3F72BC5C2EA00922C34 /* SFProDisplay-Medium.otf */,
				904AA4012BC5C2EA00922C34 /* SFProDisplay-MediumItalic.otf */,
				904AA4032BC5C2EA00922C34 /* SFProDisplay-Regular.otf */,
				904AA4042BC5C2EA00922C34 /* SFProDisplay-RegularItalic.otf */,
				904AA3FE2BC5C2EA00922C34 /* SFProDisplay-Semibold.otf */,
				904AA3F62BC5C2EA00922C34 /* SFProDisplay-SemiboldItalic.otf */,
				904AA3F52BC5C2EA00922C34 /* SFProDisplay-Thin.otf */,
				904AA3F92BC5C2EA00922C34 /* SFProDisplay-ThinItalic.otf */,
				904AA3F42BC5C2EA00922C34 /* SFProDisplay-Ultralight.otf */,
				904AA3FF2BC5C2EA00922C34 /* SFProDisplay-UltralightItalic.otf */,
			);
			path = Fonts;
			sourceTree = "<group>";
		};
		904AA41B2BC5E53700922C34 /* MainViewController */ = {
			isa = PBXGroup;
			children = (
				904AA4202BCAC61600922C34 /* MainCell */,
				90CC2E092BCEE1A9008F6735 /* MainViewController.swift */,
				9098EF892BD1269F0059B51D /* MainViewModel.swift */,
			);
			path = MainViewController;
			sourceTree = "<group>";
		};
		904AA4202BCAC61600922C34 /* MainCell */ = {
			isa = PBXGroup;
			children = (
				904AA4212BCAC62100922C34 /* CategoryCell */,
				904AA4242BCAD8B700922C34 /* TourCell */,
				90BBC1B52BE58E1C00E2075C /* RecommendationCell */,
			);
			path = MainCell;
			sourceTree = "<group>";
		};
		904AA4212BCAC62100922C34 /* CategoryCell */ = {
			isa = PBXGroup;
			children = (
				904AA41E2BCAC60B00922C34 /* CategoryCell.swift */,
				9098EF8B2BD128000059B51D /* CategoryCellViewModel.swift */,
			);
			path = CategoryCell;
			sourceTree = "<group>";
		};
		904AA4242BCAD8B700922C34 /* TourCell */ = {
			isa = PBXGroup;
			children = (
				904AA4222BCAD8B300922C34 /* TourCell.swift */,
				9098EF8F2BD12E020059B51D /* TourCellViewModel.swift */,
			);
			path = TourCell;
			sourceTree = "<group>";
		};
		9098EF952BD12F6E0059B51D /* Services */ = {
			isa = PBXGroup;
			children = (
				90B607832BD831C0006F7D6E /* NetworkManager.swift */,
				9098EF932BD12F660059B51D /* ImageManager.swift */,
			);
			path = Services;
			sourceTree = "<group>";
		};
		90B607872BD83E91006F7D6E /* TourDetailViewController */ = {
			isa = PBXGroup;
			children = (
				90B6078E2BD96E1F006F7D6E /* TourDetailTopCell */,
				90B607932BD972D4006F7D6E /* TourDetailBottomCell */,
				90B607852BD83E80006F7D6E /* TourDetailViewController.swift */,
				90B607882BD8497D006F7D6E /* TourDetailViewModel.swift */,
			);
			path = TourDetailViewController;
			sourceTree = "<group>";
		};
		90B6078E2BD96E1F006F7D6E /* TourDetailTopCell */ = {
			isa = PBXGroup;
			children = (
				90B6078C2BD96E16006F7D6E /* TourDetailTopCell.swift */,
				90B6078F2BD96E8C006F7D6E /* TourDetailTopCellViewModel.swift */,
			);
			path = TourDetailTopCell;
			sourceTree = "<group>";
		};
		90B607932BD972D4006F7D6E /* TourDetailBottomCell */ = {
			isa = PBXGroup;
			children = (
				90B607912BD972D0006F7D6E /* TourDetailBottomCell.swift */,
				90B607942BD9736B006F7D6E /* TourDetailBottomCellViewModel.swift */,
			);
			path = TourDetailBottomCell;
			sourceTree = "<group>";
		};
		90BBC1B52BE58E1C00E2075C /* RecommendationCell */ = {
			isa = PBXGroup;
			children = (
				90BBC1B32BE2873300E2075C /* RecommendationCell.swift */,
			);
			path = RecommendationCell;
			sourceTree = "<group>";
		};
		90CC2E012BCAE52A008F6735 /* CustomView */ = {
			isa = PBXGroup;
			children = (
				90CC2DFF2BCAE527008F6735 /* HeaderView.swift */,
				90B6078A2BD968F1006F7D6E /* AlertViewController.swift */,
				90BBC1B62BE9348C00E2075C /* UIPresentationController.swift */,
				905B212D2BECE82C0008E53B /* CommentView.swift */,
			);
			path = CustomView;
			sourceTree = "<group>";
		};
		90CC2E042BCDAFEA008F6735 /* Model */ = {
			isa = PBXGroup;
			children = (
				90CC2E022BCDAFE3008F6735 /* Category.swift */,
				90CC2E072BCDB06E008F6735 /* Tour.swift */,
				905B212F2BECEE0A0008E53B /* Review.swift */,
			);
			path = Model;
			sourceTree = "<group>";
		};
/* End PBXGroup section */

/* Begin PBXNativeTarget section */
		903E9DD62BC59FC400A7C88D /* NeoTour-iosDDS */ = {
			isa = PBXNativeTarget;
			buildConfigurationList = 903E9DEB2BC59FC500A7C88D /* Build configuration list for PBXNativeTarget "NeoTour-iosDDS" */;
			buildPhases = (
				BDDB6656F9DDCAC36B13CB00 /* [CP] Check Pods Manifest.lock */,
				903E9DD32BC59FC400A7C88D /* Sources */,
				903E9DD42BC59FC400A7C88D /* Frameworks */,
				903E9DD52BC59FC400A7C88D /* Resources */,
				B854A168DD5E779FBB157111 /* [CP] Embed Pods Frameworks */,
			);
			buildRules = (
			);
			dependencies = (
			);
			name = "NeoTour-iosDDS";
			productName = "NeoTour-iosDDS";
			productReference = 903E9DD72BC59FC400A7C88D /* NeoTour-iosDDS.app */;
			productType = "com.apple.product-type.application";
		};
/* End PBXNativeTarget section */

/* Begin PBXProject section */
		903E9DCF2BC59FC400A7C88D /* Project object */ = {
			isa = PBXProject;
			attributes = {
				BuildIndependentTargetsInParallel = 1;
				LastSwiftUpdateCheck = 1530;
				LastUpgradeCheck = 1530;
				TargetAttributes = {
					903E9DD62BC59FC400A7C88D = {
						CreatedOnToolsVersion = 15.3;
					};
				};
			};
			buildConfigurationList = 903E9DD22BC59FC400A7C88D /* Build configuration list for PBXProject "NeoTour-iosDDS" */;
			compatibilityVersion = "Xcode 14.0";
			developmentRegion = en;
			hasScannedForEncodings = 0;
			knownRegions = (
				en,
				Base,
			);
			mainGroup = 903E9DCE2BC59FC400A7C88D;
			productRefGroup = 903E9DD82BC59FC400A7C88D /* Products */;
			projectDirPath = "";
			projectRoot = "";
			targets = (
				903E9DD62BC59FC400A7C88D /* NeoTour-iosDDS */,
			);
		};
/* End PBXProject section */

/* Begin PBXResourcesBuildPhase section */
		903E9DD52BC59FC400A7C88D /* Resources */ = {
			isa = PBXResourcesBuildPhase;
			buildActionMask = 2147483647;
			files = (
				904AA4072BC5C4F000922C34 /* SFProDisplay-RegularItalic.otf in Resources */,
				904AA4082BC5C4F000922C34 /* SFProDisplay-Ultralight.otf in Resources */,
				904AA4092BC5C4F000922C34 /* SFProDisplay-Bold.otf in Resources */,
				904AA40A2BC5C4F000922C34 /* SFProDisplay-BoldItalic.otf in Resources */,
				904AA40B2BC5C4F000922C34 /* SFProDisplay-Black.otf in Resources */,
				904AA40C2BC5C4F000922C34 /* SFProDisplay-LightItalic.otf in Resources */,
				904AA40D2BC5C4F000922C34 /* SFProDisplay-Medium.otf in Resources */,
				904AA40E2BC5C4F000922C34 /* SFProDisplay-MediumItalic.otf in Resources */,
				904AA40F2BC5C4F000922C34 /* SFProDisplay-SemiboldItalic.otf in Resources */,
				904AA4102BC5C4F000922C34 /* SFProDisplay-Thin.otf in Resources */,
				904AA4112BC5C4F000922C34 /* SFProDisplay-Heavy.otf in Resources */,
				904AA4122BC5C4F000922C34 /* SFProDisplay-Semibold.otf in Resources */,
				904AA4132BC5C4F000922C34 /* SFProDisplay-UltralightItalic.otf in Resources */,
				904AA4142BC5C4F000922C34 /* SFProDisplay-Light.otf in Resources */,
				904AA41D2BC71B7000922C34 /* Assets.xcassets in Resources */,
				904AA4152BC5C4F000922C34 /* SFProDisplay-BlackItalic.otf in Resources */,
				904AA4162BC5C4F000922C34 /* SFProDisplay-HeavyItalic.otf in Resources */,
				904AA4172BC5C4F000922C34 /* SFProDisplay-Regular.otf in Resources */,
				904AA4182BC5C4F000922C34 /* SFProDisplay-ThinItalic.otf in Resources */,
				903E9DE72BC59FC500A7C88D /* Base in Resources */,
			);
			runOnlyForDeploymentPostprocessing = 0;
		};
/* End PBXResourcesBuildPhase section */

/* Begin PBXShellScriptBuildPhase section */
		B854A168DD5E779FBB157111 /* [CP] Embed Pods Frameworks */ = {
			isa = PBXShellScriptBuildPhase;
			buildActionMask = 2147483647;
			files = (
			);
			inputFileListPaths = (
				"${PODS_ROOT}/Target Support Files/Pods-NeoTour-iosDDS/Pods-NeoTour-iosDDS-frameworks-${CONFIGURATION}-input-files.xcfilelist",
			);
			name = "[CP] Embed Pods Frameworks";
			outputFileListPaths = (
				"${PODS_ROOT}/Target Support Files/Pods-NeoTour-iosDDS/Pods-NeoTour-iosDDS-frameworks-${CONFIGURATION}-output-files.xcfilelist",
			);
			runOnlyForDeploymentPostprocessing = 0;
			shellPath = /bin/sh;
			shellScript = "\"${PODS_ROOT}/Target Support Files/Pods-NeoTour-iosDDS/Pods-NeoTour-iosDDS-frameworks.sh\"\n";
			showEnvVarsInLog = 0;
		};
		BDDB6656F9DDCAC36B13CB00 /* [CP] Check Pods Manifest.lock */ = {
			isa = PBXShellScriptBuildPhase;
			buildActionMask = 2147483647;
			files = (
			);
			inputFileListPaths = (
			);
			inputPaths = (
				"${PODS_PODFILE_DIR_PATH}/Podfile.lock",
				"${PODS_ROOT}/Manifest.lock",
			);
			name = "[CP] Check Pods Manifest.lock";
			outputFileListPaths = (
			);
			outputPaths = (
				"$(DERIVED_FILE_DIR)/Pods-NeoTour-iosDDS-checkManifestLockResult.txt",
			);
			runOnlyForDeploymentPostprocessing = 0;
			shellPath = /bin/sh;
			shellScript = "diff \"${PODS_PODFILE_DIR_PATH}/Podfile.lock\" \"${PODS_ROOT}/Manifest.lock\" > /dev/null\nif [ $? != 0 ] ; then\n    # print error to STDERR\n    echo \"error: The sandbox is not in sync with the Podfile.lock. Run 'pod install' or update your CocoaPods installation.\" >&2\n    exit 1\nfi\n# This output is used by Xcode 'outputs' to avoid re-running this script phase.\necho \"SUCCESS\" > \"${SCRIPT_OUTPUT_FILE_0}\"\n";
			showEnvVarsInLog = 0;
		};
/* End PBXShellScriptBuildPhase section */

/* Begin PBXSourcesBuildPhase section */
		903E9DD32BC59FC400A7C88D /* Sources */ = {
			isa = PBXSourcesBuildPhase;
			buildActionMask = 2147483647;
			files = (
				90CC2E0A2BCEE1A9008F6735 /* MainViewController.swift in Sources */,
				90CC2E002BCAE527008F6735 /* HeaderView.swift in Sources */,
				903E9DDF2BC59FC400A7C88D /* OnboardingViewController.swift in Sources */,
				9098EF992BD526720059B51D /* OnboardingViewModel.swift in Sources */,
				90B6078B2BD968F1006F7D6E /* AlertViewController.swift in Sources */,
				905B212E2BECE82C0008E53B /* CommentView.swift in Sources */,
				90B607842BD831C0006F7D6E /* NetworkManager.swift in Sources */,
				90B6078D2BD96E16006F7D6E /* TourDetailTopCell.swift in Sources */,
				90B607892BD8497D006F7D6E /* TourDetailViewModel.swift in Sources */,
				90BBC1B42BE2873300E2075C /* RecommendationCell.swift in Sources */,
				904AA4232BCAD8B300922C34 /* TourCell.swift in Sources */,
				903E9DDB2BC59FC400A7C88D /* AppDelegate.swift in Sources */,
				904AA41F2BCAC60B00922C34 /* CategoryCell.swift in Sources */,
				9098EF942BD12F660059B51D /* ImageManager.swift in Sources */,
				90B607952BD9736B006F7D6E /* TourDetailBottomCellViewModel.swift in Sources */,
				90B607902BD96E8C006F7D6E /* TourDetailTopCellViewModel.swift in Sources */,
				90B607862BD83E80006F7D6E /* TourDetailViewController.swift in Sources */,
				9098EF8C2BD128000059B51D /* CategoryCellViewModel.swift in Sources */,
				90CC2E032BCDAFE3008F6735 /* Category.swift in Sources */,
				903E9DDD2BC59FC400A7C88D /* SceneDelegate.swift in Sources */,
				90BBC1B72BE9348C00E2075C /* UIPresentationController.swift in Sources */,
				9098EF902BD12E020059B51D /* TourCellViewModel.swift in Sources */,
				905B21302BECEE0A0008E53B /* Review.swift in Sources */,
				904AA3F22BC5B2CF00922C34 /* UIColor.swift in Sources */,
				90CC2E082BCDB06E008F6735 /* Tour.swift in Sources */,
				9098EF8A2BD1269F0059B51D /* MainViewModel.swift in Sources */,
				90BBC1B22BE283D200E2075C /* UILabel.swift in Sources */,
				90B607922BD972D0006F7D6E /* TourDetailBottomCell.swift in Sources */,
			);
			runOnlyForDeploymentPostprocessing = 0;
		};
/* End PBXSourcesBuildPhase section */

/* Begin PBXVariantGroup section */
		903E9DE52BC59FC500A7C88D /* LaunchScreen.storyboard */ = {
			isa = PBXVariantGroup;
			children = (
				903E9DE62BC59FC500A7C88D /* Base */,
			);
			name = LaunchScreen.storyboard;
			sourceTree = "<group>";
		};
/* End PBXVariantGroup section */

/* Begin XCBuildConfiguration section */
		903E9DE92BC59FC500A7C88D /* Debug */ = {
			isa = XCBuildConfiguration;
			buildSettings = {
				ALWAYS_SEARCH_USER_PATHS = NO;
				ASSETCATALOG_COMPILER_GENERATE_SWIFT_ASSET_SYMBOL_EXTENSIONS = YES;
				CLANG_ANALYZER_NONNULL = YES;
				CLANG_ANALYZER_NUMBER_OBJECT_CONVERSION = YES_AGGRESSIVE;
				CLANG_CXX_LANGUAGE_STANDARD = "gnu++20";
				CLANG_ENABLE_MODULES = YES;
				CLANG_ENABLE_OBJC_ARC = YES;
				CLANG_ENABLE_OBJC_WEAK = YES;
				CLANG_WARN_BLOCK_CAPTURE_AUTORELEASING = YES;
				CLANG_WARN_BOOL_CONVERSION = YES;
				CLANG_WARN_COMMA = YES;
				CLANG_WARN_CONSTANT_CONVERSION = YES;
				CLANG_WARN_DEPRECATED_OBJC_IMPLEMENTATIONS = YES;
				CLANG_WARN_DIRECT_OBJC_ISA_USAGE = YES_ERROR;
				CLANG_WARN_DOCUMENTATION_COMMENTS = YES;
				CLANG_WARN_EMPTY_BODY = YES;
				CLANG_WARN_ENUM_CONVERSION = YES;
				CLANG_WARN_INFINITE_RECURSION = YES;
				CLANG_WARN_INT_CONVERSION = YES;
				CLANG_WARN_NON_LITERAL_NULL_CONVERSION = YES;
				CLANG_WARN_OBJC_IMPLICIT_RETAIN_SELF = YES;
				CLANG_WARN_OBJC_LITERAL_CONVERSION = YES;
				CLANG_WARN_OBJC_ROOT_CLASS = YES_ERROR;
				CLANG_WARN_QUOTED_INCLUDE_IN_FRAMEWORK_HEADER = YES;
				CLANG_WARN_RANGE_LOOP_ANALYSIS = YES;
				CLANG_WARN_STRICT_PROTOTYPES = YES;
				CLANG_WARN_SUSPICIOUS_MOVE = YES;
				CLANG_WARN_UNGUARDED_AVAILABILITY = YES_AGGRESSIVE;
				CLANG_WARN_UNREACHABLE_CODE = YES;
				CLANG_WARN__DUPLICATE_METHOD_MATCH = YES;
				COPY_PHASE_STRIP = NO;
				DEBUG_INFORMATION_FORMAT = dwarf;
				ENABLE_STRICT_OBJC_MSGSEND = YES;
				ENABLE_TESTABILITY = YES;
				ENABLE_USER_SCRIPT_SANDBOXING = NO;
				GCC_C_LANGUAGE_STANDARD = gnu17;
				GCC_DYNAMIC_NO_PIC = NO;
				GCC_NO_COMMON_BLOCKS = YES;
				GCC_OPTIMIZATION_LEVEL = 0;
				GCC_PREPROCESSOR_DEFINITIONS = (
					"DEBUG=1",
					"$(inherited)",
				);
				GCC_WARN_64_TO_32_BIT_CONVERSION = YES;
				GCC_WARN_ABOUT_RETURN_TYPE = YES_ERROR;
				GCC_WARN_UNDECLARED_SELECTOR = YES;
				GCC_WARN_UNINITIALIZED_AUTOS = YES_AGGRESSIVE;
				GCC_WARN_UNUSED_FUNCTION = YES;
				GCC_WARN_UNUSED_VARIABLE = YES;
				IPHONEOS_DEPLOYMENT_TARGET = 17.0;
				LOCALIZATION_PREFERS_STRING_CATALOGS = YES;
				MTL_ENABLE_DEBUG_INFO = INCLUDE_SOURCE;
				MTL_FAST_MATH = YES;
				ONLY_ACTIVE_ARCH = YES;
				SDKROOT = iphoneos;
				SWIFT_ACTIVE_COMPILATION_CONDITIONS = "DEBUG $(inherited)";
				SWIFT_OPTIMIZATION_LEVEL = "-Onone";
			};
			name = Debug;
		};
		903E9DEA2BC59FC500A7C88D /* Release */ = {
			isa = XCBuildConfiguration;
			buildSettings = {
				ALWAYS_SEARCH_USER_PATHS = NO;
				ASSETCATALOG_COMPILER_GENERATE_SWIFT_ASSET_SYMBOL_EXTENSIONS = YES;
				CLANG_ANALYZER_NONNULL = YES;
				CLANG_ANALYZER_NUMBER_OBJECT_CONVERSION = YES_AGGRESSIVE;
				CLANG_CXX_LANGUAGE_STANDARD = "gnu++20";
				CLANG_ENABLE_MODULES = YES;
				CLANG_ENABLE_OBJC_ARC = YES;
				CLANG_ENABLE_OBJC_WEAK = YES;
				CLANG_WARN_BLOCK_CAPTURE_AUTORELEASING = YES;
				CLANG_WARN_BOOL_CONVERSION = YES;
				CLANG_WARN_COMMA = YES;
				CLANG_WARN_CONSTANT_CONVERSION = YES;
				CLANG_WARN_DEPRECATED_OBJC_IMPLEMENTATIONS = YES;
				CLANG_WARN_DIRECT_OBJC_ISA_USAGE = YES_ERROR;
				CLANG_WARN_DOCUMENTATION_COMMENTS = YES;
				CLANG_WARN_EMPTY_BODY = YES;
				CLANG_WARN_ENUM_CONVERSION = YES;
				CLANG_WARN_INFINITE_RECURSION = YES;
				CLANG_WARN_INT_CONVERSION = YES;
				CLANG_WARN_NON_LITERAL_NULL_CONVERSION = YES;
				CLANG_WARN_OBJC_IMPLICIT_RETAIN_SELF = YES;
				CLANG_WARN_OBJC_LITERAL_CONVERSION = YES;
				CLANG_WARN_OBJC_ROOT_CLASS = YES_ERROR;
				CLANG_WARN_QUOTED_INCLUDE_IN_FRAMEWORK_HEADER = YES;
				CLANG_WARN_RANGE_LOOP_ANALYSIS = YES;
				CLANG_WARN_STRICT_PROTOTYPES = YES;
				CLANG_WARN_SUSPICIOUS_MOVE = YES;
				CLANG_WARN_UNGUARDED_AVAILABILITY = YES_AGGRESSIVE;
				CLANG_WARN_UNREACHABLE_CODE = YES;
				CLANG_WARN__DUPLICATE_METHOD_MATCH = YES;
				COPY_PHASE_STRIP = NO;
				DEBUG_INFORMATION_FORMAT = "dwarf-with-dsym";
				ENABLE_NS_ASSERTIONS = NO;
				ENABLE_STRICT_OBJC_MSGSEND = YES;
				ENABLE_USER_SCRIPT_SANDBOXING = NO;
				GCC_C_LANGUAGE_STANDARD = gnu17;
				GCC_NO_COMMON_BLOCKS = YES;
				GCC_WARN_64_TO_32_BIT_CONVERSION = YES;
				GCC_WARN_ABOUT_RETURN_TYPE = YES_ERROR;
				GCC_WARN_UNDECLARED_SELECTOR = YES;
				GCC_WARN_UNINITIALIZED_AUTOS = YES_AGGRESSIVE;
				GCC_WARN_UNUSED_FUNCTION = YES;
				GCC_WARN_UNUSED_VARIABLE = YES;
				IPHONEOS_DEPLOYMENT_TARGET = 17.0;
				LOCALIZATION_PREFERS_STRING_CATALOGS = YES;
				MTL_ENABLE_DEBUG_INFO = NO;
				MTL_FAST_MATH = YES;
				SDKROOT = iphoneos;
				SWIFT_COMPILATION_MODE = wholemodule;
				VALIDATE_PRODUCT = YES;
			};
			name = Release;
		};
		903E9DEC2BC59FC500A7C88D /* Debug */ = {
			isa = XCBuildConfiguration;
			baseConfigurationReference = 8A090F0D54B5D2F8EC880AE1 /* Pods-NeoTour-iosDDS.debug.xcconfig */;
			buildSettings = {
				ASSETCATALOG_COMPILER_APPICON_NAME = AppIcon;
				ASSETCATALOG_COMPILER_GLOBAL_ACCENT_COLOR_NAME = AccentColor;
				CODE_SIGN_STYLE = Automatic;
				CURRENT_PROJECT_VERSION = 1;
				DEVELOPMENT_TEAM = S3448RJL2F;
				GENERATE_INFOPLIST_FILE = YES;
				INFOPLIST_FILE = "NeoTour-iosDDS/App/Info.plist";
				INFOPLIST_KEY_UIApplicationSupportsIndirectInputEvents = YES;
				INFOPLIST_KEY_UILaunchStoryboardName = LaunchScreen;
				INFOPLIST_KEY_UISupportedInterfaceOrientations = UIInterfaceOrientationPortrait;
				INFOPLIST_KEY_UISupportedInterfaceOrientations_iPad = "UIInterfaceOrientationLandscapeLeft UIInterfaceOrientationLandscapeRight UIInterfaceOrientationPortrait UIInterfaceOrientationPortraitUpsideDown";
				IPHONEOS_DEPLOYMENT_TARGET = 17.0;
				LD_RUNPATH_SEARCH_PATHS = (
					"$(inherited)",
					"@executable_path/Frameworks",
				);
				MARKETING_VERSION = 1.0;
				PRODUCT_BUNDLE_IDENTIFIER = "ru.sechkarenkoDD.NeoTour-iosDDS";
				PRODUCT_NAME = "$(TARGET_NAME)";
				SUPPORTED_PLATFORMS = "iphoneos iphonesimulator";
				SUPPORTS_MACCATALYST = NO;
				SUPPORTS_MAC_DESIGNED_FOR_IPHONE_IPAD = NO;
				SUPPORTS_XR_DESIGNED_FOR_IPHONE_IPAD = NO;
				SWIFT_EMIT_LOC_STRINGS = YES;
				SWIFT_VERSION = 5.0;
				TARGETED_DEVICE_FAMILY = 1;
			};
			name = Debug;
		};
		903E9DED2BC59FC500A7C88D /* Release */ = {
			isa = XCBuildConfiguration;
			baseConfigurationReference = 42CE67BD97228D71B5E939B3 /* Pods-NeoTour-iosDDS.release.xcconfig */;
			buildSettings = {
				ASSETCATALOG_COMPILER_APPICON_NAME = AppIcon;
				ASSETCATALOG_COMPILER_GLOBAL_ACCENT_COLOR_NAME = AccentColor;
				CODE_SIGN_STYLE = Automatic;
				CURRENT_PROJECT_VERSION = 1;
				DEVELOPMENT_TEAM = S3448RJL2F;
				GENERATE_INFOPLIST_FILE = YES;
				INFOPLIST_FILE = "NeoTour-iosDDS/App/Info.plist";
				INFOPLIST_KEY_UIApplicationSupportsIndirectInputEvents = YES;
				INFOPLIST_KEY_UILaunchStoryboardName = LaunchScreen;
				INFOPLIST_KEY_UISupportedInterfaceOrientations = UIInterfaceOrientationPortrait;
				INFOPLIST_KEY_UISupportedInterfaceOrientations_iPad = "UIInterfaceOrientationLandscapeLeft UIInterfaceOrientationLandscapeRight UIInterfaceOrientationPortrait UIInterfaceOrientationPortraitUpsideDown";
				IPHONEOS_DEPLOYMENT_TARGET = 17.0;
				LD_RUNPATH_SEARCH_PATHS = (
					"$(inherited)",
					"@executable_path/Frameworks",
				);
				MARKETING_VERSION = 1.0;
				PRODUCT_BUNDLE_IDENTIFIER = "ru.sechkarenkoDD.NeoTour-iosDDS";
				PRODUCT_NAME = "$(TARGET_NAME)";
				SUPPORTED_PLATFORMS = "iphoneos iphonesimulator";
				SUPPORTS_MACCATALYST = NO;
				SUPPORTS_MAC_DESIGNED_FOR_IPHONE_IPAD = NO;
				SUPPORTS_XR_DESIGNED_FOR_IPHONE_IPAD = NO;
				SWIFT_EMIT_LOC_STRINGS = YES;
				SWIFT_VERSION = 5.0;
				TARGETED_DEVICE_FAMILY = 1;
			};
			name = Release;
		};
/* End XCBuildConfiguration section */

/* Begin XCConfigurationList section */
		903E9DD22BC59FC400A7C88D /* Build configuration list for PBXProject "NeoTour-iosDDS" */ = {
			isa = XCConfigurationList;
			buildConfigurations = (
				903E9DE92BC59FC500A7C88D /* Debug */,
				903E9DEA2BC59FC500A7C88D /* Release */,
			);
			defaultConfigurationIsVisible = 0;
			defaultConfigurationName = Release;
		};
		903E9DEB2BC59FC500A7C88D /* Build configuration list for PBXNativeTarget "NeoTour-iosDDS" */ = {
			isa = XCConfigurationList;
			buildConfigurations = (
				903E9DEC2BC59FC500A7C88D /* Debug */,
				903E9DED2BC59FC500A7C88D /* Release */,
			);
			defaultConfigurationIsVisible = 0;
			defaultConfigurationName = Release;
		};
/* End XCConfigurationList section */
	};
	rootObject = 903E9DCF2BC59FC400A7C88D /* Project object */;
}
